// !$*UTF8*$!
{
	archiveVersion = 1;
	classes = {
	};
	objectVersion = 50;
	objects = {

/* Begin PBXBuildFile section */
		5729981820CBB02B0018B356 /* ProjectCell.swift in Sources */ = {isa = PBXBuildFile; fileRef = 5729981720CBB02B0018B356 /* ProjectCell.swift */; };
		5737FBE520CBBB26003153DA /* ProjectImage.swift in Sources */ = {isa = PBXBuildFile; fileRef = 5737FBE420CBBB26003153DA /* ProjectImage.swift */; };
		577E91EE20C659E300008CE0 /* AppDelegate.swift in Sources */ = {isa = PBXBuildFile; fileRef = 577E91ED20C659E300008CE0 /* AppDelegate.swift */; };
		577E91F020C659E300008CE0 /* CollectionViewController.swift in Sources */ = {isa = PBXBuildFile; fileRef = 577E91EF20C659E300008CE0 /* CollectionViewController.swift */; };
		577E91F320C659E300008CE0 /* Main.storyboard in Resources */ = {isa = PBXBuildFile; fileRef = 577E91F120C659E300008CE0 /* Main.storyboard */; };
		577E91F820C659E400008CE0 /* Assets.xcassets in Resources */ = {isa = PBXBuildFile; fileRef = 577E91F720C659E400008CE0 /* Assets.xcassets */; };
		577E91FB20C659E400008CE0 /* LaunchScreen.storyboard in Resources */ = {isa = PBXBuildFile; fileRef = 577E91F920C659E400008CE0 /* LaunchScreen.storyboard */; };
		577E920620C6604000008CE0 /* Project.swift in Sources */ = {isa = PBXBuildFile; fileRef = 577E920520C6604000008CE0 /* Project.swift */; };
		CF94850C8DD1921D33324B87 /* Pods_victorzambrano.framework in Frameworks */ = {isa = PBXBuildFile; fileRef = AA7DF7D565FCBBD3F3DC4484 /* Pods_victorzambrano.framework */; };
/* End PBXBuildFile section */

/* Begin PBXFileReference section */
		2EBE24E893D3ED6E0275391E /* Pods-victorzambrano.release.xcconfig */ = {isa = PBXFileReference; includeInIndex = 1; lastKnownFileType = text.xcconfig; name = "Pods-victorzambrano.release.xcconfig"; path = "Pods/Target Support Files/Pods-victorzambrano/Pods-victorzambrano.release.xcconfig"; sourceTree = "<group>"; };
		5729981720CBB02B0018B356 /* ProjectCell.swift */ = {isa = PBXFileReference; lastKnownFileType = sourcecode.swift; path = ProjectCell.swift; sourceTree = "<group>"; };
		5737FBE420CBBB26003153DA /* ProjectImage.swift */ = {isa = PBXFileReference; lastKnownFileType = sourcecode.swift; path = ProjectImage.swift; sourceTree = "<group>"; };
		577E91EA20C659E300008CE0 /* victorzambrano.app */ = {isa = PBXFileReference; explicitFileType = wrapper.application; includeInIndex = 0; path = victorzambrano.app; sourceTree = BUILT_PRODUCTS_DIR; };
		577E91ED20C659E300008CE0 /* AppDelegate.swift */ = {isa = PBXFileReference; lastKnownFileType = sourcecode.swift; path = AppDelegate.swift; sourceTree = "<group>"; };
		577E91EF20C659E300008CE0 /* CollectionViewController.swift */ = {isa = PBXFileReference; lastKnownFileType = sourcecode.swift; path = CollectionViewController.swift; sourceTree = "<group>"; };
		577E91F220C659E300008CE0 /* Base */ = {isa = PBXFileReference; lastKnownFileType = file.storyboard; name = Base; path = Base.lproj/Main.storyboard; sourceTree = "<group>"; };
		577E91F720C659E400008CE0 /* Assets.xcassets */ = {isa = PBXFileReference; lastKnownFileType = folder.assetcatalog; path = Assets.xcassets; sourceTree = "<group>"; };
		577E91FA20C659E400008CE0 /* Base */ = {isa = PBXFileReference; lastKnownFileType = file.storyboard; name = Base; path = Base.lproj/LaunchScreen.storyboard; sourceTree = "<group>"; };
		577E91FC20C659E400008CE0 /* Info.plist */ = {isa = PBXFileReference; lastKnownFileType = text.plist.xml; path = Info.plist; sourceTree = "<group>"; };
		577E920520C6604000008CE0 /* Project.swift */ = {isa = PBXFileReference; lastKnownFileType = sourcecode.swift; path = Project.swift; sourceTree = "<group>"; };
		679955D3C4277EE8A80A8F1F /* Pods-victorzambrano.debug.xcconfig */ = {isa = PBXFileReference; includeInIndex = 1; lastKnownFileType = text.xcconfig; name = "Pods-victorzambrano.debug.xcconfig"; path = "Pods/Target Support Files/Pods-victorzambrano/Pods-victorzambrano.debug.xcconfig"; sourceTree = "<group>"; };
		AA7DF7D565FCBBD3F3DC4484 /* Pods_victorzambrano.framework */ = {isa = PBXFileReference; explicitFileType = wrapper.framework; includeInIndex = 0; path = Pods_victorzambrano.framework; sourceTree = BUILT_PRODUCTS_DIR; };
/* End PBXFileReference section */

/* Begin PBXFrameworksBuildPhase section */
		577E91E720C659E300008CE0 /* Frameworks */ = {
			isa = PBXFrameworksBuildPhase;
			buildActionMask = 2147483647;
			files = (
				CF94850C8DD1921D33324B87 /* Pods_victorzambrano.framework in Frameworks */,
			);
			runOnlyForDeploymentPostprocessing = 0;
		};
/* End PBXFrameworksBuildPhase section */

/* Begin PBXGroup section */
		23DD41E55A8E0CE46AF4B2F5 /* Pods */ = {
			isa = PBXGroup;
			children = (
				679955D3C4277EE8A80A8F1F /* Pods-victorzambrano.debug.xcconfig */,
				2EBE24E893D3ED6E0275391E /* Pods-victorzambrano.release.xcconfig */,
			);
			name = Pods;
			sourceTree = "<group>";
		};
		577E91E120C659E300008CE0 = {
			isa = PBXGroup;
			children = (
				577E91EC20C659E300008CE0 /* victorzambrano */,
				577E91EB20C659E300008CE0 /* Products */,
				23DD41E55A8E0CE46AF4B2F5 /* Pods */,
				5D765E588235871D175224DB /* Frameworks */,
			);
			sourceTree = "<group>";
		};
		577E91EB20C659E300008CE0 /* Products */ = {
			isa = PBXGroup;
			children = (
				577E91EA20C659E300008CE0 /* victorzambrano.app */,
			);
			name = Products;
			sourceTree = "<group>";
		};
		577E91EC20C659E300008CE0 /* victorzambrano */ = {
			isa = PBXGroup;
			children = (
				577E91ED20C659E300008CE0 /* AppDelegate.swift */,
				577E920320C65FD300008CE0 /* Controllers */,
				577E920220C65FC700008CE0 /* Views */,
				577E920420C6601600008CE0 /* Models */,
				577E91F720C659E400008CE0 /* Assets.xcassets */,
				577E91FC20C659E400008CE0 /* Info.plist */,
			);
			path = victorzambrano;
			sourceTree = "<group>";
		};
		577E920220C65FC700008CE0 /* Views */ = {
			isa = PBXGroup;
			children = (
				577E91F120C659E300008CE0 /* Main.storyboard */,
				577E91F920C659E400008CE0 /* LaunchScreen.storyboard */,
			);
			path = Views;
			sourceTree = "<group>";
		};
		577E920320C65FD300008CE0 /* Controllers */ = {
			isa = PBXGroup;
			children = (
				577E91EF20C659E300008CE0 /* CollectionViewController.swift */,
				5729981720CBB02B0018B356 /* ProjectCell.swift */,
			);
			path = Controllers;
			sourceTree = "<group>";
		};
		577E920420C6601600008CE0 /* Models */ = {
			isa = PBXGroup;
			children = (
				577E920520C6604000008CE0 /* Project.swift */,
				5737FBE420CBBB26003153DA /* ProjectImage.swift */,
			);
			path = Models;
			sourceTree = "<group>";
		};
		5D765E588235871D175224DB /* Frameworks */ = {
			isa = PBXGroup;
			children = (
				AA7DF7D565FCBBD3F3DC4484 /* Pods_victorzambrano.framework */,
			);
			name = Frameworks;
			sourceTree = "<group>";
		};
/* End PBXGroup section */

/* Begin PBXNativeTarget section */
		577E91E920C659E300008CE0 /* victorzambrano */ = {
			isa = PBXNativeTarget;
			buildConfigurationList = 577E91FF20C659E400008CE0 /* Build configuration list for PBXNativeTarget "victorzambrano" */;
			buildPhases = (
				1BE275B84024D6D017F0684A /* [CP] Check Pods Manifest.lock */,
				577E91E620C659E300008CE0 /* Sources */,
				577E91E720C659E300008CE0 /* Frameworks */,
				577E91E820C659E300008CE0 /* Resources */,
				6B661A631E5BCEE3263C8C13 /* [CP] Embed Pods Frameworks */,
			);
			buildRules = (
			);
			dependencies = (
			);
			name = victorzambrano;
			productName = victorzambrano;
			productReference = 577E91EA20C659E300008CE0 /* victorzambrano.app */;
			productType = "com.apple.product-type.application";
		};
/* End PBXNativeTarget section */

/* Begin PBXProject section */
		577E91E220C659E300008CE0 /* Project object */ = {
			isa = PBXProject;
			attributes = {
				LastSwiftUpdateCheck = 0940;
				LastUpgradeCheck = 0940;
				ORGANIZATIONNAME = "Victor Zambrano";
				TargetAttributes = {
					577E91E920C659E300008CE0 = {
						CreatedOnToolsVersion = 9.4;
					};
				};
			};
			buildConfigurationList = 577E91E520C659E300008CE0 /* Build configuration list for PBXProject "victorzambrano" */;
			compatibilityVersion = "Xcode 9.3";
			developmentRegion = en;
			hasScannedForEncodings = 0;
			knownRegions = (
				en,
				Base,
			);
			mainGroup = 577E91E120C659E300008CE0;
			productRefGroup = 577E91EB20C659E300008CE0 /* Products */;
			projectDirPath = "";
			projectRoot = "";
			targets = (
				577E91E920C659E300008CE0 /* victorzambrano */,
			);
		};
/* End PBXProject section */

/* Begin PBXResourcesBuildPhase section */
		577E91E820C659E300008CE0 /* Resources */ = {
			isa = PBXResourcesBuildPhase;
			buildActionMask = 2147483647;
			files = (
				577E91FB20C659E400008CE0 /* LaunchScreen.storyboard in Resources */,
				577E91F820C659E400008CE0 /* Assets.xcassets in Resources */,
				577E91F320C659E300008CE0 /* Main.storyboard in Resources */,
			);
			runOnlyForDeploymentPostprocessing = 0;
		};
/* End PBXResourcesBuildPhase section */

/* Begin PBXShellScriptBuildPhase section */
		1BE275B84024D6D017F0684A /* [CP] Check Pods Manifest.lock */ = {
			isa = PBXShellScriptBuildPhase;
			buildActionMask = 2147483647;
			files = (
			);
			inputPaths = (
				"${PODS_PODFILE_DIR_PATH}/Podfile.lock",
				"${PODS_ROOT}/Manifest.lock",
			);
			name = "[CP] Check Pods Manifest.lock";
			outputPaths = (
				"$(DERIVED_FILE_DIR)/Pods-victorzambrano-checkManifestLockResult.txt",
			);
			runOnlyForDeploymentPostprocessing = 0;
			shellPath = /bin/sh;
			shellScript = "diff \"${PODS_PODFILE_DIR_PATH}/Podfile.lock\" \"${PODS_ROOT}/Manifest.lock\" > /dev/null\nif [ $? != 0 ] ; then\n    # print error to STDERR\n    echo \"error: The sandbox is not in sync with the Podfile.lock. Run 'pod install' or update your CocoaPods installation.\" >&2\n    exit 1\nfi\n# This output is used by Xcode 'outputs' to avoid re-running this script phase.\necho \"SUCCESS\" > \"${SCRIPT_OUTPUT_FILE_0}\"\n";
			showEnvVarsInLog = 0;
		};
		6B661A631E5BCEE3263C8C13 /* [CP] Embed Pods Frameworks */ = {
			isa = PBXShellScriptBuildPhase;
			buildActionMask = 2147483647;
			files = (
			);
			inputPaths = (
				"${SRCROOT}/Pods/Target Support Files/Pods-victorzambrano/Pods-victorzambrano-frameworks.sh",
				"${BUILT_PRODUCTS_DIR}/Alamofire/Alamofire.framework",
				"${BUILT_PRODUCTS_DIR}/Realm/Realm.framework",
				"${BUILT_PRODUCTS_DIR}/RealmSwift/RealmSwift.framework",
				"${BUILT_PRODUCTS_DIR}/SwiftyJSON/SwiftyJSON.framework",
			);
			name = "[CP] Embed Pods Frameworks";
			outputPaths = (
				"${TARGET_BUILD_DIR}/${FRAMEWORKS_FOLDER_PATH}/Alamofire.framework",
				"${TARGET_BUILD_DIR}/${FRAMEWORKS_FOLDER_PATH}/Realm.framework",
				"${TARGET_BUILD_DIR}/${FRAMEWORKS_FOLDER_PATH}/RealmSwift.framework",
				"${TARGET_BUILD_DIR}/${FRAMEWORKS_FOLDER_PATH}/SwiftyJSON.framework",
			);
			runOnlyForDeploymentPostprocessing = 0;
			shellPath = /bin/sh;
			shellScript = "\"${SRCROOT}/Pods/Target Support Files/Pods-victorzambrano/Pods-victorzambrano-frameworks.sh\"\n";
			showEnvVarsInLog = 0;
		};
/* End PBXShellScriptBuildPhase section */

/* Begin PBXSourcesBuildPhase section */
		577E91E620C659E300008CE0 /* Sources */ = {
			isa = PBXSourcesBuildPhase;
			buildActionMask = 2147483647;
			files = (
				577E91F020C659E300008CE0 /* CollectionViewController.swift in Sources */,
				577E91EE20C659E300008CE0 /* AppDelegate.swift in Sources */,
				5737FBE520CBBB26003153DA /* ProjectImage.swift in Sources */,
				5729981820CBB02B0018B356 /* ProjectCell.swift in Sources */,
				577E920620C6604000008CE0 /* Project.swift in Sources */,
			);
			runOnlyForDeploymentPostprocessing = 0;
		};
/* End PBXSourcesBuildPhase section */

/* Begin PBXVariantGroup section */
		577E91F120C659E300008CE0 /* Main.storyboard */ = {
			isa = PBXVariantGroup;
			children = (
				577E91F220C659E300008CE0 /* Base */,
			);
			name = Main.storyboard;
			sourceTree = "<group>";
		};
		577E91F920C659E400008CE0 /* LaunchScreen.storyboard */ = {
			isa = PBXVariantGroup;
			children = (
				577E91FA20C659E400008CE0 /* Base */,
			);
			name = LaunchScreen.storyboard;
			sourceTree = "<group>";
		};
/* End PBXVariantGroup section */

/* Begin XCBuildConfiguration section */
		577E91FD20C659E400008CE0 /* Debug */ = {
			isa = XCBuildConfiguration;
			buildSettings = {
				ALWAYS_SEARCH_USER_PATHS = NO;
				CLANG_ANALYZER_NONNULL = YES;
				CLANG_ANALYZER_NUMBER_OBJECT_CONVERSION = YES_AGGRESSIVE;
				CLANG_CXX_LANGUAGE_STANDARD = "gnu++14";
				CLANG_CXX_LIBRARY = "libc++";
				CLANG_ENABLE_MODULES = YES;
				CLANG_ENABLE_OBJC_ARC = YES;
				CLANG_ENABLE_OBJC_WEAK = YES;
				CLANG_WARN_BLOCK_CAPTURE_AUTORELEASING = YES;
				CLANG_WARN_BOOL_CONVERSION = YES;
				CLANG_WARN_COMMA = YES;
				CLANG_WARN_CONSTANT_CONVERSION = YES;
				CLANG_WARN_DEPRECATED_OBJC_IMPLEMENTATIONS = YES;
				CLANG_WARN_DIRECT_OBJC_ISA_USAGE = YES_ERROR;
				CLANG_WARN_DOCUMENTATION_COMMENTS = YES;
				CLANG_WARN_EMPTY_BODY = YES;
				CLANG_WARN_ENUM_CONVERSION = YES;
				CLANG_WARN_INFINITE_RECURSION = YES;
				CLANG_WARN_INT_CONVERSION = YES;
				CLANG_WARN_NON_LITERAL_NULL_CONVERSION = YES;
				CLANG_WARN_OBJC_IMPLICIT_RETAIN_SELF = YES;
				CLANG_WARN_OBJC_LITERAL_CONVERSION = YES;
				CLANG_WARN_OBJC_ROOT_CLASS = YES_ERROR;
				CLANG_WARN_RANGE_LOOP_ANALYSIS = YES;
				CLANG_WARN_STRICT_PROTOTYPES = YES;
				CLANG_WARN_SUSPICIOUS_MOVE = YES;
				CLANG_WARN_UNGUARDED_AVAILABILITY = YES_AGGRESSIVE;
				CLANG_WARN_UNREACHABLE_CODE = YES;
				CLANG_WARN__DUPLICATE_METHOD_MATCH = YES;
				CODE_SIGN_IDENTITY = "iPhone Developer";
				COPY_PHASE_STRIP = NO;
				DEBUG_INFORMATION_FORMAT = dwarf;
				ENABLE_STRICT_OBJC_MSGSEND = YES;
				ENABLE_TESTABILITY = YES;
				GCC_C_LANGUAGE_STANDARD = gnu11;
				GCC_DYNAMIC_NO_PIC = NO;
				GCC_NO_COMMON_BLOCKS = YES;
				GCC_OPTIMIZATION_LEVEL = 0;
				GCC_PREPROCESSOR_DEFINITIONS = (
					"DEBUG=1",
					"$(inherited)",
				);
				GCC_WARN_64_TO_32_BIT_CONVERSION = YES;
				GCC_WARN_ABOUT_RETURN_TYPE = YES_ERROR;
				GCC_WARN_UNDECLARED_SELECTOR = YES;
				GCC_WARN_UNINITIALIZED_AUTOS = YES_AGGRESSIVE;
				GCC_WARN_UNUSED_FUNCTION = YES;
				GCC_WARN_UNUSED_VARIABLE = YES;
				IPHONEOS_DEPLOYMENT_TARGET = 11.4;
				MTL_ENABLE_DEBUG_INFO = YES;
				ONLY_ACTIVE_ARCH = YES;
				SDKROOT = iphoneos;
				SWIFT_ACTIVE_COMPILATION_CONDITIONS = DEBUG;
				SWIFT_OPTIMIZATION_LEVEL = "-Onone";
			};
			name = Debug;
		};
		577E91FE20C659E400008CE0 /* Release */ = {
			isa = XCBuildConfiguration;
			buildSettings = {
				ALWAYS_SEARCH_USER_PATHS = NO;
				CLANG_ANALYZER_NONNULL = YES;
				CLANG_ANALYZER_NUMBER_OBJECT_CONVERSION = YES_AGGRESSIVE;
				CLANG_CXX_LANGUAGE_STANDARD = "gnu++14";
				CLANG_CXX_LIBRARY = "libc++";
				CLANG_ENABLE_MODULES = YES;
				CLANG_ENABLE_OBJC_ARC = YES;
				CLANG_ENABLE_OBJC_WEAK = YES;
				CLANG_WARN_BLOCK_CAPTURE_AUTORELEASING = YES;
				CLANG_WARN_BOOL_CONVERSION = YES;
				CLANG_WARN_COMMA = YES;
				CLANG_WARN_CONSTANT_CONVERSION = YES;
				CLANG_WARN_DEPRECATED_OBJC_IMPLEMENTATIONS = YES;
				CLANG_WARN_DIRECT_OBJC_ISA_USAGE = YES_ERROR;
				CLANG_WARN_DOCUMENTATION_COMMENTS = YES;
				CLANG_WARN_EMPTY_BODY = YES;
				CLANG_WARN_ENUM_CONVERSION = YES;
				CLANG_WARN_INFINITE_RECURSION = YES;
				CLANG_WARN_INT_CONVERSION = YES;
				CLANG_WARN_NON_LITERAL_NULL_CONVERSION = YES;
				CLANG_WARN_OBJC_IMPLICIT_RETAIN_SELF = YES;
				CLANG_WARN_OBJC_LITERAL_CONVERSION = YES;
				CLANG_WARN_OBJC_ROOT_CLASS = YES_ERROR;
				CLANG_WARN_RANGE_LOOP_ANALYSIS = YES;
				CLANG_WARN_STRICT_PROTOTYPES = YES;
				CLANG_WARN_SUSPICIOUS_MOVE = YES;
				CLANG_WARN_UNGUARDED_AVAILABILITY = YES_AGGRESSIVE;
				CLANG_WARN_UNREACHABLE_CODE = YES;
				CLANG_WARN__DUPLICATE_METHOD_MATCH = YES;
				CODE_SIGN_IDENTITY = "iPhone Developer";
				COPY_PHASE_STRIP = NO;
				DEBUG_INFORMATION_FORMAT = "dwarf-with-dsym";
				ENABLE_NS_ASSERTIONS = NO;
				ENABLE_STRICT_OBJC_MSGSEND = YES;
				GCC_C_LANGUAGE_STANDARD = gnu11;
				GCC_NO_COMMON_BLOCKS = YES;
				GCC_WARN_64_TO_32_BIT_CONVERSION = YES;
				GCC_WARN_ABOUT_RETURN_TYPE = YES_ERROR;
				GCC_WARN_UNDECLARED_SELECTOR = YES;
				GCC_WARN_UNINITIALIZED_AUTOS = YES_AGGRESSIVE;
				GCC_WARN_UNUSED_FUNCTION = YES;
				GCC_WARN_UNUSED_VARIABLE = YES;
				IPHONEOS_DEPLOYMENT_TARGET = 11.4;
				MTL_ENABLE_DEBUG_INFO = NO;
				SDKROOT = iphoneos;
				SWIFT_COMPILATION_MODE = wholemodule;
				SWIFT_OPTIMIZATION_LEVEL = "-O";
				VALIDATE_PRODUCT = YES;
			};
			name = Release;
		};
		577E920020C659E400008CE0 /* Debug */ = {
			isa = XCBuildConfiguration;
			baseConfigurationReference = 679955D3C4277EE8A80A8F1F /* Pods-victorzambrano.debug.xcconfig */;
			buildSettings = {
				ASSETCATALOG_COMPILER_APPICON_NAME = AppIcon;
				CODE_SIGN_STYLE = Automatic;
				DEVELOPMENT_TEAM = Z7PKX8NPZK;
				INFOPLIST_FILE = victorzambrano/Info.plist;
				LD_RUNPATH_SEARCH_PATHS = (
					"$(inherited)",
					"@executable_path/Frameworks",
				);
				PRODUCT_BUNDLE_IDENTIFIER = net.frwrd.victorzambrano;
				PRODUCT_NAME = "$(TARGET_NAME)";
				SWIFT_VERSION = 4.0;
				TARGETED_DEVICE_FAMILY = "1,2";
			};
			name = Debug;
		};
		577E920120C659E400008CE0 /* Release */ = {
			isa = XCBuildConfiguration;
			baseConfigurationReference = 2EBE24E893D3ED6E0275391E /* Pods-victorzambrano.release.xcconfig */;
			buildSettings = {
				ASSETCATALOG_COMPILER_APPICON_NAME = AppIcon;
				CODE_SIGN_STYLE = Automatic;
				DEVELOPMENT_TEAM = Z7PKX8NPZK;
				INFOPLIST_FILE = victorzambrano/Info.plist;
				LD_RUNPATH_SEARCH_PATHS = (
					"$(inherited)",
					"@executable_path/Frameworks",
				);
				PRODUCT_BUNDLE_IDENTIFIER = net.frwrd.victorzambrano;
				PRODUCT_NAME = "$(TARGET_NAME)";
				SWIFT_VERSION = 4.0;
				TARGETED_DEVICE_FAMILY = "1,2";
			};
			name = Release;
		};
/* End XCBuildConfiguration section */

/* Begin XCConfigurationList section */
		577E91E520C659E300008CE0 /* Build configuration list for PBXProject "victorzambrano" */ = {
			isa = XCConfigurationList;
			buildConfigurations = (
				577E91FD20C659E400008CE0 /* Debug */,
				577E91FE20C659E400008CE0 /* Release */,
			);
			defaultConfigurationIsVisible = 0;
			defaultConfigurationName = Release;
		};
		577E91FF20C659E400008CE0 /* Build configuration list for PBXNativeTarget "victorzambrano" */ = {
			isa = XCConfigurationList;
			buildConfigurations = (
				577E920020C659E400008CE0 /* Debug */,
				577E920120C659E400008CE0 /* Release */,
			);
			defaultConfigurationIsVisible = 0;
			defaultConfigurationName = Release;
		};
/* End XCConfigurationList section */
	};
	rootObject = 577E91E220C659E300008CE0 /* Project object */;
}
